
Microsoft Visual Studio Solution File, Format Version 12.00
# Visual Studio Version 17
VisualStudioVersion = 17.1.32210.238
MinimumVisualStudioVersion = 10.0.40219.1
Project("{FAE04EC0-301F-11D3-BF4B-00C04F79EFBC}") = "QRWinForm", "QRWinForm\QRWinForm.csproj", "{5DAE509F-951E-4EF2-9634-609CC4BBBF2C}"
EndProject
Global
	GlobalSection(SolutionConfigurationPlatforms) = preSolution
		Debug|Any CPU = Debug|Any CPU
		Release|Any CPU = Release|Any CPU
	EndGlobalSection
	GlobalSection(ProjectConfigurationPlatforms) = postSolution
		{5DAE509F-951E-4EF2-9634-609CC4BBBF2C}.Debug|Any CPU.ActiveCfg = Debug|Any CPU
		{5DAE509F-951E-4EF2-9634-609CC4BBBF2C}.Debug|Any CPU.Build.0 = Debug|Any CPU
		{5DAE509F-951E-4EF2-9634-609CC4BBBF2C}.Release|Any CPU.ActiveCfg = Release|Any CPU
		{5DAE509F-951E-4EF2-9634-609CC4BBBF2C}.Release|Any CPU.Build.0 = Release|Any CPU
	EndGlobalSection
	GlobalSection(SolutionProperties) = preSolution
		HideSolutionNode = FALSE
	EndGlobalSection
	GlobalSection(ExtensibilityGlobals) = postSolution
		SolutionGuid = {52C9BF93-2042-4913-AF3F-4FEEAC65A0EF}
	EndGlobalSection
EndGlobal
